
Microsoft Visual Studio Solution File, Format Version 12.00
# Visual Studio Version 16
VisualStudioVersion = 16.0.30907.101
MinimumVisualStudioVersion = 10.0.40219.1
Project("{8BC9CEB8-8B4A-11D0-8D11-00A0C91BC942}") = "Wasmo", "Wasmo\Wasmo.vcxproj", "{A5468B35-BBBD-4C55-97ED-81BFE343B0E4}"
EndProject
Project("{8BC9CEB8-8B4A-11D0-8D11-00A0C91BC942}") = "inih", "inih\inih.vcxproj", "{7EC92233-171F-4CC6-8638-75A469C78D7C}"
EndProject
Project("{8BC9CEB8-8B4A-11D0-8D11-00A0C91BC942}") = "RudderTillerzmo", "RudderTillerzmo\RudderTillerzmo.vcxproj", "{4804B696-1151-4CF1-8750-033A3FB3C085}"
EndProject
Project("{8BC9CEB8-8B4A-11D0-8D11-00A0C91BC942}") = "Spoilerzmo", "Spoilerzmo\Spoilerzmo.vcxproj", "{BA520298-2637-4408-8B80-5897BDA66007}"
EndProject
Project("{8BC9CEB8-8B4A-11D0-8D11-00A0C91BC942}") = "AutothrustArmzmo", "AutothrustArmzmo\AutothrustArmzmo.vcxproj", "{47B6A07E-4AA9-468D-9123-C336926E0BDA}"
EndProject
Global
	GlobalSection(SolutionConfigurationPlatforms) = preSolution
		Debug|MSFS = Debug|MSFS
		Release|MSFS = Release|MSFS
	EndGlobalSection
	GlobalSection(ProjectConfigurationPlatforms) = postSolution
		{A5468B35-BBBD-4C55-97ED-81BFE343B0E4}.Debug|MSFS.ActiveCfg = Debug|MSFS
		{A5468B35-BBBD-4C55-97ED-81BFE343B0E4}.Debug|MSFS.Build.0 = Debug|MSFS
		{A5468B35-BBBD-4C55-97ED-81BFE343B0E4}.Release|MSFS.ActiveCfg = Release|MSFS
		{A5468B35-BBBD-4C55-97ED-81BFE343B0E4}.Release|MSFS.Build.0 = Release|MSFS
		{7EC92233-171F-4CC6-8638-75A469C78D7C}.Debug|MSFS.ActiveCfg = Debug|MSFS
		{7EC92233-171F-4CC6-8638-75A469C78D7C}.Debug|MSFS.Build.0 = Debug|MSFS
		{7EC92233-171F-4CC6-8638-75A469C78D7C}.Release|MSFS.ActiveCfg = Release|MSFS
		{7EC92233-171F-4CC6-8638-75A469C78D7C}.Release|MSFS.Build.0 = Release|MSFS
		{4804B696-1151-4CF1-8750-033A3FB3C085}.Debug|MSFS.ActiveCfg = Debug|MSFS
		{4804B696-1151-4CF1-8750-033A3FB3C085}.Debug|MSFS.Build.0 = Debug|MSFS
		{4804B696-1151-4CF1-8750-033A3FB3C085}.Release|MSFS.ActiveCfg = Release|MSFS
		{4804B696-1151-4CF1-8750-033A3FB3C085}.Release|MSFS.Build.0 = Release|MSFS
		{BA520298-2637-4408-8B80-5897BDA66007}.Debug|MSFS.ActiveCfg = Debug|MSFS
		{BA520298-2637-4408-8B80-5897BDA66007}.Debug|MSFS.Build.0 = Debug|MSFS
		{BA520298-2637-4408-8B80-5897BDA66007}.Release|MSFS.ActiveCfg = Release|MSFS
		{BA520298-2637-4408-8B80-5897BDA66007}.Release|MSFS.Build.0 = Release|MSFS
		{47B6A07E-4AA9-468D-9123-C336926E0BDA}.Debug|MSFS.ActiveCfg = Debug|MSFS
		{47B6A07E-4AA9-468D-9123-C336926E0BDA}.Debug|MSFS.Build.0 = Debug|MSFS
		{47B6A07E-4AA9-468D-9123-C336926E0BDA}.Release|MSFS.ActiveCfg = Release|MSFS
		{47B6A07E-4AA9-468D-9123-C336926E0BDA}.Release|MSFS.Build.0 = Release|MSFS
	EndGlobalSection
	GlobalSection(SolutionProperties) = preSolution
		HideSolutionNode = FALSE
	EndGlobalSection
	GlobalSection(ExtensibilityGlobals) = postSolution
		SolutionGuid = {AD25299F-1413-475E-862D-F88647A65822}
	EndGlobalSection
EndGlobal
